
Microsoft Visual Studio Solution File, Format Version 12.00
# Visual Studio Version 17
VisualStudioVersion = 17.13.35913.81
MinimumVisualStudioVersion = 10.0.40219.1
Project("{2150E333-8FDC-42A3-9474-1A3956D46DE8}") = "Solution Items", "Solution Items", "{8EC462FD-D22E-90A8-E5CE-7E832BA40C5D}"
	ProjectSection(SolutionItems) = preProject
		..\docker-compose.yml = ..\docker-compose.yml
		..\sample-data\products.json = ..\sample-data\products.json
		..\README.md = ..\README.md
	EndProjectSection
EndProject
Project("{2150E333-8FDC-42A3-9474-1A3956D46DE8}") = "sample-data", "sample-data", "{02EA681E-C7D8-13C7-8484-4AC65E1B71E8}"
	ProjectSection(SolutionItems) = preProject
		..\sample-data\products.json = ..\sample-data\products.json
	EndProjectSection
EndProject
Project("{FAE04EC0-301F-11D3-BF4B-00C04F79EFBC}") = "ProductSearchEngine.Api", "ProductSearchEngine.Api\ProductSearchEngine.Api.csproj", "{A849F1A0-69FA-B026-391E-8D713C8E0B76}"
EndProject
Project("{FAE04EC0-301F-11D3-BF4B-00C04F79EFBC}") = "ProductSearchEngine.Test", "ProductSearchEngine.Test\ProductSearchEngine.Test.csproj", "{BF37257F-307F-CFD5-45AE-3589D0FFB779}"
EndProject
Global
	GlobalSection(SolutionConfigurationPlatforms) = preSolution
		Debug|Any CPU = Debug|Any CPU
		Release|Any CPU = Release|Any CPU
	EndGlobalSection
	GlobalSection(ProjectConfigurationPlatforms) = postSolution
		{A849F1A0-69FA-B026-391E-8D713C8E0B76}.Debug|Any CPU.ActiveCfg = Debug|Any CPU
		{A849F1A0-69FA-B026-391E-8D713C8E0B76}.Debug|Any CPU.Build.0 = Debug|Any CPU
		{A849F1A0-69FA-B026-391E-8D713C8E0B76}.Release|Any CPU.ActiveCfg = Release|Any CPU
		{A849F1A0-69FA-B026-391E-8D713C8E0B76}.Release|Any CPU.Build.0 = Release|Any CPU
		{BF37257F-307F-CFD5-45AE-3589D0FFB779}.Debug|Any CPU.ActiveCfg = Debug|Any CPU
		{BF37257F-307F-CFD5-45AE-3589D0FFB779}.Debug|Any CPU.Build.0 = Debug|Any CPU
		{BF37257F-307F-CFD5-45AE-3589D0FFB779}.Release|Any CPU.ActiveCfg = Release|Any CPU
		{BF37257F-307F-CFD5-45AE-3589D0FFB779}.Release|Any CPU.Build.0 = Release|Any CPU
	EndGlobalSection
	GlobalSection(SolutionProperties) = preSolution
		HideSolutionNode = FALSE
	EndGlobalSection
	GlobalSection(NestedProjects) = preSolution
		{02EA681E-C7D8-13C7-8484-4AC65E1B71E8} = {8EC462FD-D22E-90A8-E5CE-7E832BA40C5D}
	EndGlobalSection
	GlobalSection(ExtensibilityGlobals) = postSolution
		SolutionGuid = {9199E990-659D-4C79-B808-CED329A33A75}
	EndGlobalSection
EndGlobal
